# THIS IS AN AUTOGENERATED FILE. DO NOT EDIT THIS FILE DIRECTLY.
# yarn lockfile v1


use-query-hook@^1.0.0:
  version "1.0.0"
  resolved "https://registry.yarnpkg.com/use-query-hook/-/use-query-hook-1.0.0.tgz#3f71e6fc088482c5c12d093f6dcc02307bf2b8b6"
  integrity sha512-+zvPHWT+aj2WRI1dpX6gebO+9T5wwvRrG4jdnd08Rivj6SOGK8tc+DdIbCugSPDbgnVm397AdPScNDyqWjKb9A==
